{
    "api-platform/core": {
        "version": "2.6",
        "recipe": {
            "repo": "github.com/symfony/recipes",
            "branch": "master",
            "version": "2.5",
            "ref": "05b57782a78c21a664a42055dc11cf1954ca36bb"
        },
        "files": [
            "./config/packages/api_platform.yaml",
            "./config/routes/api_platform.yaml",
            "./src/Entity/.gitignore"
        ]
    },
    "doctrine/data-fixtures": {
        "version": "1.5.1"
    },
    "doctrine/doctrine-fixtures-bundle": {
        "version": "3.4",
        "recipe": {
            "repo": "github.com/symfony/recipes",
            "branch": "master",
            "version": "3.0",
            "ref": "1f5514cfa15b947298df4d771e694e578d4c204d"
        },
        "files": [
            "./src/DataFixtures/AppFixtures.php"
        ]
    },
    "fakerphp/faker": {
        "version": "v1.17.0"
    },
    "fig/link-util": {
        "version": "1.2.0"
    },
    "nelmio/cors-bundle": {
        "version": "2.2",
        "recipe": {
            "repo": "github.com/symfony/recipes",
            "branch": "master",
            "version": "1.5",
            "ref": "6bea22e6c564fba3a1391615cada1437d0bde39c"
        },
        "files": [
            "./config/packages/nelmio_cors.yaml"
        ]
    },
    "phpdocumentor/reflection-common": {
        "version": "2.2.0"
    },
    "phpdocumentor/reflection-docblock": {
        "version": "5.3.0"
    },
    "phpdocumentor/type-resolver": {
        "version": "1.5.1"
    },
    "phpstan/phpdoc-parser": {
        "version": "1.2.0"
    },
    "psr/link": {
        "version": "2.0.1"
    },
    "symfony/asset": {
        "version": "v6.0.1"
    },
    "symfony/expression-language": {
        "version": "v6.0.1"
    },
    "symfony/password-hasher": {
        "version": "v6.0.1"
    },
    "symfony/property-access": {
        "version": "v6.0.0"
    },
    "symfony/property-info": {
        "version": "v6.0.0"
    },
    "symfony/security-bundle": {
        "version": "6.0",
        "recipe": {
            "repo": "github.com/symfony/recipes",
            "branch": "master",
            "version": "5.3",
            "ref": "09b5e809bd7a992061febd05b797c64a2d93b5cd"
        },
        "files": [
            "./config/packages/security.yaml"
        ]
    },
    "symfony/security-core": {
        "version": "v6.0.1"
    },
    "symfony/security-csrf": {
        "version": "v6.0.1"
    },
    "symfony/security-http": {
        "version": "v6.0.1"
    },
    "symfony/serializer": {
        "version": "v6.0.1"
    },
    "symfony/translation-contracts": {
        "version": "v3.0.0"
    },
    "symfony/twig-bridge": {
        "version": "v6.0.1"
    },
    "symfony/twig-bundle": {
        "version": "6.0",
        "recipe": {
            "repo": "github.com/symfony/recipes",
            "branch": "master",
            "version": "5.4",
            "ref": "bffbb8f1a849736e64006735afae730cb428b6ff"
        },
        "files": [
            "./config/packages/twig.yaml",
            "./templates/base.html.twig"
        ]
    },
    "symfony/validator": {
        "version": "6.0",
        "recipe": {
            "repo": "github.com/symfony/recipes",
            "branch": "master",
            "version": "4.3",
            "ref": "3eb8df139ec05414489d55b97603c5f6ca0c44cb"
        },
        "files": [
            "./config/packages/test/validator.yaml",
            "./config/packages/validator.yaml"
        ]
    },
    "symfony/web-link": {
        "version": "v6.0.1"
    },
    "twig/twig": {
        "version": "v3.3.4"
    },
    "webmozart/assert": {
        "version": "1.10.0"
    },
    "willdurand/negotiation": {
        "version": "3.0.0"
    }
}
